
Microsoft Visual Studio Solution File, Format Version 12.00
# Visual Studio 15
VisualStudioVersion = 15.0.27520.0
MinimumVisualStudioVersion = 10.0.40219.1
Project("{9A19103F-16F7-4668-BE54-9A1E7A4F7556}") = "qwinkel.Server", "qwinkel\qwinkel.Server\qwinkel.Server.csproj", "{0EDE4E17-7B5B-4B0B-95D7-4C806E8FCEB5}"
EndProject
Project("{9A19103F-16F7-4668-BE54-9A1E7A4F7556}") = "qwinkel.Client", "qwinkel\qwinkel.Client\qwinkel.Client.csproj", "{C0B21071-EFC5-4014-9B6A-D1C5ECB19AD5}"
EndProject
Project("{9A19103F-16F7-4668-BE54-9A1E7A4F7556}") = "qwinkel.Shared", "qwinkel\qwinkel.Shared\qwinkel.Shared.csproj", "{40E867A3-D5AE-4DF2-9979-EE41B1F8F617}"
EndProject
Global
	GlobalSection(SolutionConfigurationPlatforms) = preSolution
		Debug|Any CPU = Debug|Any CPU
		Release|Any CPU = Release|Any CPU
	EndGlobalSection
	GlobalSection(ProjectConfigurationPlatforms) = postSolution
		{0EDE4E17-7B5B-4B0B-95D7-4C806E8FCEB5}.Debug|Any CPU.ActiveCfg = Debug|Any CPU
		{0EDE4E17-7B5B-4B0B-95D7-4C806E8FCEB5}.Debug|Any CPU.Build.0 = Debug|Any CPU
		{0EDE4E17-7B5B-4B0B-95D7-4C806E8FCEB5}.Release|Any CPU.ActiveCfg = Release|Any CPU
		{0EDE4E17-7B5B-4B0B-95D7-4C806E8FCEB5}.Release|Any CPU.Build.0 = Release|Any CPU
		{C0B21071-EFC5-4014-9B6A-D1C5ECB19AD5}.Debug|Any CPU.ActiveCfg = Debug|Any CPU
		{C0B21071-EFC5-4014-9B6A-D1C5ECB19AD5}.Debug|Any CPU.Build.0 = Debug|Any CPU
		{C0B21071-EFC5-4014-9B6A-D1C5ECB19AD5}.Release|Any CPU.ActiveCfg = Release|Any CPU
		{C0B21071-EFC5-4014-9B6A-D1C5ECB19AD5}.Release|Any CPU.Build.0 = Release|Any CPU
		{40E867A3-D5AE-4DF2-9979-EE41B1F8F617}.Debug|Any CPU.ActiveCfg = Debug|Any CPU
		{40E867A3-D5AE-4DF2-9979-EE41B1F8F617}.Debug|Any CPU.Build.0 = Debug|Any CPU
		{40E867A3-D5AE-4DF2-9979-EE41B1F8F617}.Release|Any CPU.ActiveCfg = Release|Any CPU
		{40E867A3-D5AE-4DF2-9979-EE41B1F8F617}.Release|Any CPU.Build.0 = Release|Any CPU
	EndGlobalSection
	GlobalSection(SolutionProperties) = preSolution
		HideSolutionNode = FALSE
	EndGlobalSection
	GlobalSection(ExtensibilityGlobals) = postSolution
		SolutionGuid = {A74BA721-D9AE-4E5D-A589-82543943EA68}
	EndGlobalSection
EndGlobal
